// !$*UTF8*$!
{
	archiveVersion = 1;
	classes = {
	};
	objectVersion = 50;
	objects = {

/* Begin PBXBuildFile section */
		E592940623A624E30058859E /* AppDelegate.swift in Sources */ = {isa = PBXBuildFile; fileRef = E592940523A624E30058859E /* AppDelegate.swift */; };
		E592940823A624E30058859E /* SceneDelegate.swift in Sources */ = {isa = PBXBuildFile; fileRef = E592940723A624E30058859E /* SceneDelegate.swift */; };
		E592940A23A624E30058859E /* ViewController.swift in Sources */ = {isa = PBXBuildFile; fileRef = E592940923A624E30058859E /* ViewController.swift */; };
		E592940D23A624E30058859E /* Main.storyboard in Resources */ = {isa = PBXBuildFile; fileRef = E592940B23A624E30058859E /* Main.storyboard */; };
		E592940F23A624E40058859E /* Assets.xcassets in Resources */ = {isa = PBXBuildFile; fileRef = E592940E23A624E40058859E /* Assets.xcassets */; };
		E592941223A624E40058859E /* LaunchScreen.storyboard in Resources */ = {isa = PBXBuildFile; fileRef = E592941023A624E40058859E /* LaunchScreen.storyboard */; };
		E592941C23A6257B0058859E /* TypicodeClient.swift in Sources */ = {isa = PBXBuildFile; fileRef = E592941B23A6257B0058859E /* TypicodeClient.swift */; };
		E592941E23A625840058859E /* User.swift in Sources */ = {isa = PBXBuildFile; fileRef = E592941D23A625840058859E /* User.swift */; };
/* End PBXBuildFile section */

/* Begin PBXFileReference section */
		E592940223A624E30058859E /* SwiftRestClientDemo.app */ = {isa = PBXFileReference; explicitFileType = wrapper.application; includeInIndex = 0; path = SwiftRestClientDemo.app; sourceTree = BUILT_PRODUCTS_DIR; };
		E592940523A624E30058859E /* AppDelegate.swift */ = {isa = PBXFileReference; lastKnownFileType = sourcecode.swift; path = AppDelegate.swift; sourceTree = "<group>"; };
		E592940723A624E30058859E /* SceneDelegate.swift */ = {isa = PBXFileReference; lastKnownFileType = sourcecode.swift; path = SceneDelegate.swift; sourceTree = "<group>"; };
		E592940923A624E30058859E /* ViewController.swift */ = {isa = PBXFileReference; lastKnownFileType = sourcecode.swift; path = ViewController.swift; sourceTree = "<group>"; };
		E592940C23A624E30058859E /* Base */ = {isa = PBXFileReference; lastKnownFileType = file.storyboard; name = Base; path = Base.lproj/Main.storyboard; sourceTree = "<group>"; };
		E592940E23A624E40058859E /* Assets.xcassets */ = {isa = PBXFileReference; lastKnownFileType = folder.assetcatalog; path = Assets.xcassets; sourceTree = "<group>"; };
		E592941123A624E40058859E /* Base */ = {isa = PBXFileReference; lastKnownFileType = file.storyboard; name = Base; path = Base.lproj/LaunchScreen.storyboard; sourceTree = "<group>"; };
		E592941323A624E40058859E /* Info.plist */ = {isa = PBXFileReference; lastKnownFileType = text.plist.xml; path = Info.plist; sourceTree = "<group>"; };
		E592941B23A6257B0058859E /* TypicodeClient.swift */ = {isa = PBXFileReference; fileEncoding = 4; lastKnownFileType = sourcecode.swift; path = TypicodeClient.swift; sourceTree = "<group>"; };
		E592941D23A625840058859E /* User.swift */ = {isa = PBXFileReference; fileEncoding = 4; lastKnownFileType = sourcecode.swift; path = User.swift; sourceTree = "<group>"; };
/* End PBXFileReference section */

/* Begin PBXFrameworksBuildPhase section */
		E59293FF23A624E30058859E /* Frameworks */ = {
			isa = PBXFrameworksBuildPhase;
			buildActionMask = 2147483647;
			files = (
			);
			runOnlyForDeploymentPostprocessing = 0;
		};
/* End PBXFrameworksBuildPhase section */

/* Begin PBXGroup section */
		E59293F923A624E30058859E = {
			isa = PBXGroup;
			children = (
				E592940423A624E30058859E /* SwiftRestClientDemo */,
				E592940323A624E30058859E /* Products */,
			);
			sourceTree = "<group>";
		};
		E592940323A624E30058859E /* Products */ = {
			isa = PBXGroup;
			children = (
				E592940223A624E30058859E /* SwiftRestClientDemo.app */,
			);
			name = Products;
			sourceTree = "<group>";
		};
		E592940423A624E30058859E /* SwiftRestClientDemo */ = {
			isa = PBXGroup;
			children = (
				E592941A23A625260058859E /* ApiClient */,
				E592941923A625000058859E /* Models */,
				E592940523A624E30058859E /* AppDelegate.swift */,
				E592940723A624E30058859E /* SceneDelegate.swift */,
				E592940923A624E30058859E /* ViewController.swift */,
				E592940B23A624E30058859E /* Main.storyboard */,
				E592940E23A624E40058859E /* Assets.xcassets */,
				E592941023A624E40058859E /* LaunchScreen.storyboard */,
				E592941323A624E40058859E /* Info.plist */,
			);
			path = SwiftRestClientDemo;
			sourceTree = "<group>";
		};
		E592941923A625000058859E /* Models */ = {
			isa = PBXGroup;
			children = (
				E592941D23A625840058859E /* User.swift */,
			);
			path = Models;
			sourceTree = "<group>";
		};
		E592941A23A625260058859E /* ApiClient */ = {
			isa = PBXGroup;
			children = (
				E592941B23A6257B0058859E /* TypicodeClient.swift */,
			);
			path = ApiClient;
			sourceTree = "<group>";
		};
/* End PBXGroup section */

/* Begin PBXNativeTarget section */
		E592940123A624E30058859E /* SwiftRestClientDemo */ = {
			isa = PBXNativeTarget;
			buildConfigurationList = E592941623A624E40058859E /* Build configuration list for PBXNativeTarget "SwiftRestClientDemo" */;
			buildPhases = (
				E59293FE23A624E30058859E /* Sources */,
				E59293FF23A624E30058859E /* Frameworks */,
				E592940023A624E30058859E /* Resources */,
			);
			buildRules = (
			);
			dependencies = (
			);
			name = SwiftRestClientDemo;
			productName = SwiftRestClientDemo;
			productReference = E592940223A624E30058859E /* SwiftRestClientDemo.app */;
			productType = "com.apple.product-type.application";
		};
/* End PBXNativeTarget section */

/* Begin PBXProject section */
		E59293FA23A624E30058859E /* Project object */ = {
			isa = PBXProject;
			attributes = {
				LastSwiftUpdateCheck = 1130;
				LastUpgradeCheck = 1130;
				ORGANIZATIONNAME = "Kamrul Hasan";
				TargetAttributes = {
					E592940123A624E30058859E = {
						CreatedOnToolsVersion = 11.3;
					};
				};
			};
			buildConfigurationList = E59293FD23A624E30058859E /* Build configuration list for PBXProject "SwiftRestClientDemo" */;
			compatibilityVersion = "Xcode 9.3";
			developmentRegion = en;
			hasScannedForEncodings = 0;
			knownRegions = (
				en,
				Base,
			);
			mainGroup = E59293F923A624E30058859E;
			productRefGroup = E592940323A624E30058859E /* Products */;
			projectDirPath = "";
			projectRoot = "";
			targets = (
				E592940123A624E30058859E /* SwiftRestClientDemo */,
			);
		};
/* End PBXProject section */

/* Begin PBXResourcesBuildPhase section */
		E592940023A624E30058859E /* Resources */ = {
			isa = PBXResourcesBuildPhase;
			buildActionMask = 2147483647;
			files = (
				E592941223A624E40058859E /* LaunchScreen.storyboard in Resources */,
				E592940F23A624E40058859E /* Assets.xcassets in Resources */,
				E592940D23A624E30058859E /* Main.storyboard in Resources */,
			);
			runOnlyForDeploymentPostprocessing = 0;
		};
/* End PBXResourcesBuildPhase section */

/* Begin PBXSourcesBuildPhase section */
		E59293FE23A624E30058859E /* Sources */ = {
			isa = PBXSourcesBuildPhase;
			buildActionMask = 2147483647;
			files = (
				E592940A23A624E30058859E /* ViewController.swift in Sources */,
				E592940623A624E30058859E /* AppDelegate.swift in Sources */,
				E592940823A624E30058859E /* SceneDelegate.swift in Sources */,
				E592941E23A625840058859E /* User.swift in Sources */,
				E592941C23A6257B0058859E /* TypicodeClient.swift in Sources */,
			);
			runOnlyForDeploymentPostprocessing = 0;
		};
/* End PBXSourcesBuildPhase section */

/* Begin PBXVariantGroup section */
		E592940B23A624E30058859E /* Main.storyboard */ = {
			isa = PBXVariantGroup;
			children = (
				E592940C23A624E30058859E /* Base */,
			);
			name = Main.storyboard;
			sourceTree = "<group>";
		};
		E592941023A624E40058859E /* LaunchScreen.storyboard */ = {
			isa = PBXVariantGroup;
			children = (
				E592941123A624E40058859E /* Base */,
			);
			name = LaunchScreen.storyboard;
			sourceTree = "<group>";
		};
/* End PBXVariantGroup section */

/* Begin XCBuildConfiguration section */
		E592941423A624E40058859E /* Debug */ = {
			isa = XCBuildConfiguration;
			buildSettings = {
				ALWAYS_SEARCH_USER_PATHS = NO;
				CLANG_ANALYZER_NONNULL = YES;
				CLANG_ANALYZER_NUMBER_OBJECT_CONVERSION = YES_AGGRESSIVE;
				CLANG_CXX_LANGUAGE_STANDARD = "gnu++14";
				CLANG_CXX_LIBRARY = "libc++";
				CLANG_ENABLE_MODULES = YES;
				CLANG_ENABLE_OBJC_ARC = YES;
				CLANG_ENABLE_OBJC_WEAK = YES;
				CLANG_WARN_BLOCK_CAPTURE_AUTORELEASING = YES;
				CLANG_WARN_BOOL_CONVERSION = YES;
				CLANG_WARN_COMMA = YES;
				CLANG_WARN_CONSTANT_CONVERSION = YES;
				CLANG_WARN_DEPRECATED_OBJC_IMPLEMENTATIONS = YES;
				CLANG_WARN_DIRECT_OBJC_ISA_USAGE = YES_ERROR;
				CLANG_WARN_DOCUMENTATION_COMMENTS = YES;
				CLANG_WARN_EMPTY_BODY = YES;
				CLANG_WARN_ENUM_CONVERSION = YES;
				CLANG_WARN_INFINITE_RECURSION = YES;
				CLANG_WARN_INT_CONVERSION = YES;
				CLANG_WARN_NON_LITERAL_NULL_CONVERSION = YES;
				CLANG_WARN_OBJC_IMPLICIT_RETAIN_SELF = YES;
				CLANG_WARN_OBJC_LITERAL_CONVERSION = YES;
				CLANG_WARN_OBJC_ROOT_CLASS = YES_ERROR;
				CLANG_WARN_RANGE_LOOP_ANALYSIS = YES;
				CLANG_WARN_STRICT_PROTOTYPES = YES;
				CLANG_WARN_SUSPICIOUS_MOVE = YES;
				CLANG_WARN_UNGUARDED_AVAILABILITY = YES_AGGRESSIVE;
				CLANG_WARN_UNREACHABLE_CODE = YES;
				CLANG_WARN__DUPLICATE_METHOD_MATCH = YES;
				COPY_PHASE_STRIP = NO;
				DEBUG_INFORMATION_FORMAT = dwarf;
				ENABLE_STRICT_OBJC_MSGSEND = YES;
				ENABLE_TESTABILITY = YES;
				GCC_C_LANGUAGE_STANDARD = gnu11;
				GCC_DYNAMIC_NO_PIC = NO;
				GCC_NO_COMMON_BLOCKS = YES;
				GCC_OPTIMIZATION_LEVEL = 0;
				GCC_PREPROCESSOR_DEFINITIONS = (
					"DEBUG=1",
					"$(inherited)",
				);
				GCC_WARN_64_TO_32_BIT_CONVERSION = YES;
				GCC_WARN_ABOUT_RETURN_TYPE = YES_ERROR;
				GCC_WARN_UNDECLARED_SELECTOR = YES;
				GCC_WARN_UNINITIALIZED_AUTOS = YES_AGGRESSIVE;
				GCC_WARN_UNUSED_FUNCTION = YES;
				GCC_WARN_UNUSED_VARIABLE = YES;
				IPHONEOS_DEPLOYMENT_TARGET = 13.2;
				MTL_ENABLE_DEBUG_INFO = INCLUDE_SOURCE;
				MTL_FAST_MATH = YES;
				ONLY_ACTIVE_ARCH = YES;
				SDKROOT = iphoneos;
				SWIFT_ACTIVE_COMPILATION_CONDITIONS = DEBUG;
				SWIFT_OPTIMIZATION_LEVEL = "-Onone";
			};
			name = Debug;
		};
		E592941523A624E40058859E /* Release */ = {
			isa = XCBuildConfiguration;
			buildSettings = {
				ALWAYS_SEARCH_USER_PATHS = NO;
				CLANG_ANALYZER_NONNULL = YES;
				CLANG_ANALYZER_NUMBER_OBJECT_CONVERSION = YES_AGGRESSIVE;
				CLANG_CXX_LANGUAGE_STANDARD = "gnu++14";
				CLANG_CXX_LIBRARY = "libc++";
				CLANG_ENABLE_MODULES = YES;
				CLANG_ENABLE_OBJC_ARC = YES;
				CLANG_ENABLE_OBJC_WEAK = YES;
				CLANG_WARN_BLOCK_CAPTURE_AUTORELEASING = YES;
				CLANG_WARN_BOOL_CONVERSION = YES;
				CLANG_WARN_COMMA = YES;
				CLANG_WARN_CONSTANT_CONVERSION = YES;
				CLANG_WARN_DEPRECATED_OBJC_IMPLEMENTATIONS = YES;
				CLANG_WARN_DIRECT_OBJC_ISA_USAGE = YES_ERROR;
				CLANG_WARN_DOCUMENTATION_COMMENTS = YES;
				CLANG_WARN_EMPTY_BODY = YES;
				CLANG_WARN_ENUM_CONVERSION = YES;
				CLANG_WARN_INFINITE_RECURSION = YES;
				CLANG_WARN_INT_CONVERSION = YES;
				CLANG_WARN_NON_LITERAL_NULL_CONVERSION = YES;
				CLANG_WARN_OBJC_IMPLICIT_RETAIN_SELF = YES;
				CLANG_WARN_OBJC_LITERAL_CONVERSION = YES;
				CLANG_WARN_OBJC_ROOT_CLASS = YES_ERROR;
				CLANG_WARN_RANGE_LOOP_ANALYSIS = YES;
				CLANG_WARN_STRICT_PROTOTYPES = YES;
				CLANG_WARN_SUSPICIOUS_MOVE = YES;
				CLANG_WARN_UNGUARDED_AVAILABILITY = YES_AGGRESSIVE;
				CLANG_WARN_UNREACHABLE_CODE = YES;
				CLANG_WARN__DUPLICATE_METHOD_MATCH = YES;
				COPY_PHASE_STRIP = NO;
				DEBUG_INFORMATION_FORMAT = "dwarf-with-dsym";
				ENABLE_NS_ASSERTIONS = NO;
				ENABLE_STRICT_OBJC_MSGSEND = YES;
				GCC_C_LANGUAGE_STANDARD = gnu11;
				GCC_NO_COMMON_BLOCKS = YES;
				GCC_WARN_64_TO_32_BIT_CONVERSION = YES;
				GCC_WARN_ABOUT_RETURN_TYPE = YES_ERROR;
				GCC_WARN_UNDECLARED_SELECTOR = YES;
				GCC_WARN_UNINITIALIZED_AUTOS = YES_AGGRESSIVE;
				GCC_WARN_UNUSED_FUNCTION = YES;
				GCC_WARN_UNUSED_VARIABLE = YES;
				IPHONEOS_DEPLOYMENT_TARGET = 13.2;
				MTL_ENABLE_DEBUG_INFO = NO;
				MTL_FAST_MATH = YES;
				SDKROOT = iphoneos;
				SWIFT_COMPILATION_MODE = wholemodule;
				SWIFT_OPTIMIZATION_LEVEL = "-O";
				VALIDATE_PRODUCT = YES;
			};
			name = Release;
		};
		E592941723A624E40058859E /* Debug */ = {
			isa = XCBuildConfiguration;
			buildSettings = {
				ASSETCATALOG_COMPILER_APPICON_NAME = AppIcon;
				CODE_SIGN_STYLE = Automatic;
				INFOPLIST_FILE = SwiftRestClientDemo/Info.plist;
				LD_RUNPATH_SEARCH_PATHS = (
					"$(inherited)",
					"@executable_path/Frameworks",
				);
				PRODUCT_BUNDLE_IDENTIFIER = com.kamrul.SwiftRestClientDemo;
				PRODUCT_NAME = "$(TARGET_NAME)";
				SWIFT_VERSION = 5.0;
				TARGETED_DEVICE_FAMILY = "1,2";
			};
			name = Debug;
		};
		E592941823A624E40058859E /* Release */ = {
			isa = XCBuildConfiguration;
			buildSettings = {
				ASSETCATALOG_COMPILER_APPICON_NAME = AppIcon;
				CODE_SIGN_STYLE = Automatic;
				INFOPLIST_FILE = SwiftRestClientDemo/Info.plist;
				LD_RUNPATH_SEARCH_PATHS = (
					"$(inherited)",
					"@executable_path/Frameworks",
				);
				PRODUCT_BUNDLE_IDENTIFIER = com.kamrul.SwiftRestClientDemo;
				PRODUCT_NAME = "$(TARGET_NAME)";
				SWIFT_VERSION = 5.0;
				TARGETED_DEVICE_FAMILY = "1,2";
			};
			name = Release;
		};
/* End XCBuildConfiguration section */

/* Begin XCConfigurationList section */
		E59293FD23A624E30058859E /* Build configuration list for PBXProject "SwiftRestClientDemo" */ = {
			isa = XCConfigurationList;
			buildConfigurations = (
				E592941423A624E40058859E /* Debug */,
				E592941523A624E40058859E /* Release */,
			);
			defaultConfigurationIsVisible = 0;
			defaultConfigurationName = Release;
		};
		E592941623A624E40058859E /* Build configuration list for PBXNativeTarget "SwiftRestClientDemo" */ = {
			isa = XCConfigurationList;
			buildConfigurations = (
				E592941723A624E40058859E /* Debug */,
				E592941823A624E40058859E /* Release */,
			);
			defaultConfigurationIsVisible = 0;
			defaultConfigurationName = Release;
		};
/* End XCConfigurationList section */
	};
	rootObject = E59293FA23A624E30058859E /* Project object */;
}
